{
	"name": "@guildeno/fraz",
	"version": "0.4.1",
	"lockfileVersion": 2,
	"requires": true,
	"packages": {
		"": {
			"name": "@guildeno/fraz",
			"version": "0.4.1",
			"license": "Apache-2.0",
			"dependencies": {
				"@guildeno/gateway": "^0.4.1",
				"@guildeno/rest": "^0.4.1",
				"@guildeno/types": "^0.4.1"
			}
		},
		"node_modules/@guildeno/gateway": {
			"version": "0.4.2",
			"resolved": "https://registry.npmjs.org/@guildeno/gateway/-/gateway-0.4.2.tgz",
			"integrity": "sha512-2tP9nUkkKVrKeYLLahPQSrOjp7ayeMpAa6GVUCrY9lQJ+JJhCx2VP1xk0HtjyfnpHF9OdTHSlSJPvHcHcTqIgg==",
			"dependencies": {
				"ws": "^8.5.0"
			}
		},
		"node_modules/@guildeno/rest": {
			"version": "0.4.2",
			"resolved": "https://registry.npmjs.org/@guildeno/rest/-/rest-0.4.2.tgz",
			"integrity": "sha512-54DAQqdkD0qpf85JqE0B3rb1X5e8fa50awPW3iy1RfmulkEcfHiCxR+UY1O1Tr4f6our+D+Dg6qt864tEM8hww==",
			"dependencies": {
				"node-fetch": "^2.6.7"
			}
		},
		"node_modules/@guildeno/types": {
			"version": "0.4.2",
			"resolved": "https://registry.npmjs.org/@guildeno/types/-/types-0.4.2.tgz",
			"integrity": "sha512-+KDgi6/9q5mOgEiD63alKvmActwNL7lvbH8Uif31pAZshcHL1sPv2EHB+WFuwF+YVhZR5plY9Q53nEw3xuX9Ow=="
		},
		"node_modules/node-fetch": {
			"version": "2.6.7",
			"resolved": "https://registry.npmjs.org/node-fetch/-/node-fetch-2.6.7.tgz",
			"integrity": "sha512-ZjMPFEfVx5j+y2yF35Kzx5sF7kDzxuDj6ziH4FFbOp87zKDZNx8yExJIb05OGF4Nlt9IHFIMBkRl41VdvcNdbQ==",
			"dependencies": {
				"whatwg-url": "^5.0.0"
			},
			"engines": {
				"node": "4.x || >=6.0.0"
			},
			"peerDependencies": {
				"encoding": "^0.1.0"
			},
			"peerDependenciesMeta": {
				"encoding": {
					"optional": true
				}
			}
		},
		"node_modules/tr46": {
			"version": "0.0.3",
			"resolved": "https://registry.npmjs.org/tr46/-/tr46-0.0.3.tgz",
			"integrity": "sha1-gYT9NH2snNwYWZLzpmIuFLnZq2o="
		},
		"node_modules/webidl-conversions": {
			"version": "3.0.1",
			"resolved": "https://registry.npmjs.org/webidl-conversions/-/webidl-conversions-3.0.1.tgz",
			"integrity": "sha1-JFNCdeKnvGvnvIZhHMFq4KVlSHE="
		},
		"node_modules/whatwg-url": {
			"version": "5.0.0",
			"resolved": "https://registry.npmjs.org/whatwg-url/-/whatwg-url-5.0.0.tgz",
			"integrity": "sha1-lmRU6HZUYuN2RNNib2dCzotwll0=",
			"dependencies": {
				"tr46": "~0.0.3",
				"webidl-conversions": "^3.0.0"
			}
		},
		"node_modules/ws": {
			"version": "8.6.0",
			"resolved": "https://registry.npmjs.org/ws/-/ws-8.6.0.tgz",
			"integrity": "sha512-AzmM3aH3gk0aX7/rZLYvjdvZooofDu3fFOzGqcSnQ1tOcTWwhM/o+q++E8mAyVVIyUdajrkzWUGftaVSDLn1bw==",
			"engines": {
				"node": ">=10.0.0"
			},
			"peerDependencies": {
				"bufferutil": "^4.0.1",
				"utf-8-validate": "^5.0.2"
			},
			"peerDependenciesMeta": {
				"bufferutil": {
					"optional": true
				},
				"utf-8-validate": {
					"optional": true
				}
			}
		}
	},
	"dependencies": {
		"@guildeno/gateway": {
			"version": "0.4.2",
			"resolved": "https://registry.npmjs.org/@guildeno/gateway/-/gateway-0.4.2.tgz",
			"integrity": "sha512-2tP9nUkkKVrKeYLLahPQSrOjp7ayeMpAa6GVUCrY9lQJ+JJhCx2VP1xk0HtjyfnpHF9OdTHSlSJPvHcHcTqIgg==",
			"requires": {
				"ws": "^8.5.0"
			}
		},
		"@guildeno/rest": {
			"version": "0.4.2",
			"resolved": "https://registry.npmjs.org/@guildeno/rest/-/rest-0.4.2.tgz",
			"integrity": "sha512-54DAQqdkD0qpf85JqE0B3rb1X5e8fa50awPW3iy1RfmulkEcfHiCxR+UY1O1Tr4f6our+D+Dg6qt864tEM8hww==",
			"requires": {
				"node-fetch": "^2.6.7"
			}
		},
		"@guildeno/types": {
			"version": "0.4.2",
			"resolved": "https://registry.npmjs.org/@guildeno/types/-/types-0.4.2.tgz",
			"integrity": "sha512-+KDgi6/9q5mOgEiD63alKvmActwNL7lvbH8Uif31pAZshcHL1sPv2EHB+WFuwF+YVhZR5plY9Q53nEw3xuX9Ow=="
		},
		"node-fetch": {
			"version": "2.6.7",
			"resolved": "https://registry.npmjs.org/node-fetch/-/node-fetch-2.6.7.tgz",
			"integrity": "sha512-ZjMPFEfVx5j+y2yF35Kzx5sF7kDzxuDj6ziH4FFbOp87zKDZNx8yExJIb05OGF4Nlt9IHFIMBkRl41VdvcNdbQ==",
			"requires": {
				"whatwg-url": "^5.0.0"
			}
		},
		"tr46": {
			"version": "0.0.3",
			"resolved": "https://registry.npmjs.org/tr46/-/tr46-0.0.3.tgz",
			"integrity": "sha1-gYT9NH2snNwYWZLzpmIuFLnZq2o="
		},
		"webidl-conversions": {
			"version": "3.0.1",
			"resolved": "https://registry.npmjs.org/webidl-conversions/-/webidl-conversions-3.0.1.tgz",
			"integrity": "sha1-JFNCdeKnvGvnvIZhHMFq4KVlSHE="
		},
		"whatwg-url": {
			"version": "5.0.0",
			"resolved": "https://registry.npmjs.org/whatwg-url/-/whatwg-url-5.0.0.tgz",
			"integrity": "sha1-lmRU6HZUYuN2RNNib2dCzotwll0=",
			"requires": {
				"tr46": "~0.0.3",
				"webidl-conversions": "^3.0.0"
			}
		},
		"ws": {
			"version": "8.6.0",
			"resolved": "https://registry.npmjs.org/ws/-/ws-8.6.0.tgz",
			"integrity": "sha512-AzmM3aH3gk0aX7/rZLYvjdvZooofDu3fFOzGqcSnQ1tOcTWwhM/o+q++E8mAyVVIyUdajrkzWUGftaVSDLn1bw==",
			"requires": {}
		}
	}
}
